
Microsoft Visual Studio Solution File, Format Version 12.00
# Visual Studio Version 16
VisualStudioVersion = 16.0.29503.13
MinimumVisualStudioVersion = 10.0.40219.1
Project("{FAE04EC0-301F-11D3-BF4B-00C04F79EFBC}") = "make_2", "make_2\make_2.csproj", "{79861C97-63C6-417F-985D-B5D62734FAEA}"
EndProject
Global
	GlobalSection(SolutionConfigurationPlatforms) = preSolution
		Debug|Any CPU = Debug|Any CPU
		Release|Any CPU = Release|Any CPU
	EndGlobalSection
	GlobalSection(ProjectConfigurationPlatforms) = postSolution
		{79861C97-63C6-417F-985D-B5D62734FAEA}.Debug|Any CPU.ActiveCfg = Debug|Any CPU
		{79861C97-63C6-417F-985D-B5D62734FAEA}.Debug|Any CPU.Build.0 = Debug|Any CPU
		{79861C97-63C6-417F-985D-B5D62734FAEA}.Release|Any CPU.ActiveCfg = Release|Any CPU
		{79861C97-63C6-417F-985D-B5D62734FAEA}.Release|Any CPU.Build.0 = Release|Any CPU
	EndGlobalSection
	GlobalSection(SolutionProperties) = preSolution
		HideSolutionNode = FALSE
	EndGlobalSection
	GlobalSection(ExtensibilityGlobals) = postSolution
		SolutionGuid = {B61740FB-A1C1-4533-AED4-D1D0EA0DB1AF}
	EndGlobalSection
EndGlobal
